
Microsoft Visual Studio Solution File, Format Version 12.00
# Blend for Visual Studio Version 16
VisualStudioVersion = 16.0.28705.295
MinimumVisualStudioVersion = 10.0.40219.1
Project("{FAE04EC0-301F-11D3-BF4B-00C04F79EFBC}") = "DataTemplateDemo32", "DataTemplateDemo32\DataTemplateDemo32.csproj", "{410F6081-D49A-4871-96B7-7AB24556FEAE}"
EndProject
Global
	GlobalSection(SolutionConfigurationPlatforms) = preSolution
		Debug|Any CPU = Debug|Any CPU
		Release|Any CPU = Release|Any CPU
	EndGlobalSection
	GlobalSection(ProjectConfigurationPlatforms) = postSolution
		{410F6081-D49A-4871-96B7-7AB24556FEAE}.Debug|Any CPU.ActiveCfg = Debug|Any CPU
		{410F6081-D49A-4871-96B7-7AB24556FEAE}.Debug|Any CPU.Build.0 = Debug|Any CPU
		{410F6081-D49A-4871-96B7-7AB24556FEAE}.Release|Any CPU.ActiveCfg = Release|Any CPU
		{410F6081-D49A-4871-96B7-7AB24556FEAE}.Release|Any CPU.Build.0 = Release|Any CPU
	EndGlobalSection
	GlobalSection(SolutionProperties) = preSolution
		HideSolutionNode = FALSE
	EndGlobalSection
	GlobalSection(ExtensibilityGlobals) = postSolution
		SolutionGuid = {9271F095-3E83-432E-A97F-364E4FB07C9E}
	EndGlobalSection
EndGlobal
