
Microsoft Visual Studio Solution File, Format Version 12.00
# Blend for Visual Studio Version 16
VisualStudioVersion = 16.0.28606.126
MinimumVisualStudioVersion = 10.0.40219.1
Project("{FAE04EC0-301F-11D3-BF4B-00C04F79EFBC}") = "TabControlDemo18", "TabControlDemo18\TabControlDemo18.csproj", "{8110B3B6-A5F8-4DF2-93F1-EF17AE57A0C0}"
EndProject
Global
	GlobalSection(SolutionConfigurationPlatforms) = preSolution
		Debug|Any CPU = Debug|Any CPU
		Release|Any CPU = Release|Any CPU
	EndGlobalSection
	GlobalSection(ProjectConfigurationPlatforms) = postSolution
		{8110B3B6-A5F8-4DF2-93F1-EF17AE57A0C0}.Debug|Any CPU.ActiveCfg = Debug|Any CPU
		{8110B3B6-A5F8-4DF2-93F1-EF17AE57A0C0}.Debug|Any CPU.Build.0 = Debug|Any CPU
		{8110B3B6-A5F8-4DF2-93F1-EF17AE57A0C0}.Release|Any CPU.ActiveCfg = Release|Any CPU
		{8110B3B6-A5F8-4DF2-93F1-EF17AE57A0C0}.Release|Any CPU.Build.0 = Release|Any CPU
	EndGlobalSection
	GlobalSection(SolutionProperties) = preSolution
		HideSolutionNode = FALSE
	EndGlobalSection
	GlobalSection(ExtensibilityGlobals) = postSolution
		SolutionGuid = {9668ADEB-7495-4056-B93D-F574645E01DD}
	EndGlobalSection
EndGlobal
