
Microsoft Visual Studio Solution File, Format Version 12.00
# Blend for Visual Studio Version 16
VisualStudioVersion = 16.0.28606.126
MinimumVisualStudioVersion = 10.0.40219.1
Project("{FAE04EC0-301F-11D3-BF4B-00C04F79EFBC}") = "CheckBoxDemo19", "CheckBoxDemo19\CheckBoxDemo19.csproj", "{93AE78B3-5BA3-476E-A710-F475627BE32A}"
EndProject
Global
	GlobalSection(SolutionConfigurationPlatforms) = preSolution
		Debug|Any CPU = Debug|Any CPU
		Release|Any CPU = Release|Any CPU
	EndGlobalSection
	GlobalSection(ProjectConfigurationPlatforms) = postSolution
		{93AE78B3-5BA3-476E-A710-F475627BE32A}.Debug|Any CPU.ActiveCfg = Debug|Any CPU
		{93AE78B3-5BA3-476E-A710-F475627BE32A}.Debug|Any CPU.Build.0 = Debug|Any CPU
		{93AE78B3-5BA3-476E-A710-F475627BE32A}.Release|Any CPU.ActiveCfg = Release|Any CPU
		{93AE78B3-5BA3-476E-A710-F475627BE32A}.Release|Any CPU.Build.0 = Release|Any CPU
	EndGlobalSection
	GlobalSection(SolutionProperties) = preSolution
		HideSolutionNode = FALSE
	EndGlobalSection
	GlobalSection(ExtensibilityGlobals) = postSolution
		SolutionGuid = {3C85C61F-BE94-481B-8E45-F1BAF3BAB9C5}
	EndGlobalSection
EndGlobal
