
Microsoft Visual Studio Solution File, Format Version 12.00
# Blend for Visual Studio Version 16
VisualStudioVersion = 16.0.28714.193
MinimumVisualStudioVersion = 10.0.40219.1
Project("{FAE04EC0-301F-11D3-BF4B-00C04F79EFBC}") = "WpfControlLibraryDemo40", "WpfControlLibraryDemo40\WpfControlLibraryDemo40.csproj", "{EBBD7AE4-1345-48BA-85B4-422F862140B9}"
EndProject
Global
	GlobalSection(SolutionConfigurationPlatforms) = preSolution
		Debug|Any CPU = Debug|Any CPU
		Release|Any CPU = Release|Any CPU
	EndGlobalSection
	GlobalSection(ProjectConfigurationPlatforms) = postSolution
		{EBBD7AE4-1345-48BA-85B4-422F862140B9}.Debug|Any CPU.ActiveCfg = Debug|Any CPU
		{EBBD7AE4-1345-48BA-85B4-422F862140B9}.Debug|Any CPU.Build.0 = Debug|Any CPU
		{EBBD7AE4-1345-48BA-85B4-422F862140B9}.Release|Any CPU.ActiveCfg = Release|Any CPU
		{EBBD7AE4-1345-48BA-85B4-422F862140B9}.Release|Any CPU.Build.0 = Release|Any CPU
	EndGlobalSection
	GlobalSection(SolutionProperties) = preSolution
		HideSolutionNode = FALSE
	EndGlobalSection
	GlobalSection(ExtensibilityGlobals) = postSolution
		SolutionGuid = {22306647-E68C-46D9-8D14-71183DD4483B}
	EndGlobalSection
EndGlobal
