
Microsoft Visual Studio Solution File, Format Version 12.00
# Blend for Visual Studio Version 16
VisualStudioVersion = 16.0.28531.58
MinimumVisualStudioVersion = 10.0.40219.1
Project("{FAE04EC0-301F-11D3-BF4B-00C04F79EFBC}") = "TextDemo10", "TextDemo10\TextDemo10.csproj", "{631EDF4E-245F-458D-A724-8F91E1CBCF0A}"
EndProject
Global
	GlobalSection(SolutionConfigurationPlatforms) = preSolution
		Debug|Any CPU = Debug|Any CPU
		Release|Any CPU = Release|Any CPU
	EndGlobalSection
	GlobalSection(ProjectConfigurationPlatforms) = postSolution
		{631EDF4E-245F-458D-A724-8F91E1CBCF0A}.Debug|Any CPU.ActiveCfg = Debug|Any CPU
		{631EDF4E-245F-458D-A724-8F91E1CBCF0A}.Debug|Any CPU.Build.0 = Debug|Any CPU
		{631EDF4E-245F-458D-A724-8F91E1CBCF0A}.Release|Any CPU.ActiveCfg = Release|Any CPU
		{631EDF4E-245F-458D-A724-8F91E1CBCF0A}.Release|Any CPU.Build.0 = Release|Any CPU
	EndGlobalSection
	GlobalSection(SolutionProperties) = preSolution
		HideSolutionNode = FALSE
	EndGlobalSection
	GlobalSection(ExtensibilityGlobals) = postSolution
		SolutionGuid = {96EF9158-07AF-44ED-BD60-03CAE93ABC6E}
	EndGlobalSection
EndGlobal
