
Microsoft Visual Studio Solution File, Format Version 12.00
# Blend for Visual Studio Version 16
VisualStudioVersion = 16.0.28711.60
MinimumVisualStudioVersion = 10.0.40219.1
Project("{FAE04EC0-301F-11D3-BF4B-00C04F79EFBC}") = "StyleControlTemplateDemo39", "StyleControlTemplateDemo39\StyleControlTemplateDemo39.csproj", "{E1E7E40D-F185-422D-95F6-36238DDD1437}"
EndProject
Global
	GlobalSection(SolutionConfigurationPlatforms) = preSolution
		Debug|Any CPU = Debug|Any CPU
		Release|Any CPU = Release|Any CPU
	EndGlobalSection
	GlobalSection(ProjectConfigurationPlatforms) = postSolution
		{E1E7E40D-F185-422D-95F6-36238DDD1437}.Debug|Any CPU.ActiveCfg = Debug|Any CPU
		{E1E7E40D-F185-422D-95F6-36238DDD1437}.Debug|Any CPU.Build.0 = Debug|Any CPU
		{E1E7E40D-F185-422D-95F6-36238DDD1437}.Release|Any CPU.ActiveCfg = Release|Any CPU
		{E1E7E40D-F185-422D-95F6-36238DDD1437}.Release|Any CPU.Build.0 = Release|Any CPU
	EndGlobalSection
	GlobalSection(SolutionProperties) = preSolution
		HideSolutionNode = FALSE
	EndGlobalSection
	GlobalSection(ExtensibilityGlobals) = postSolution
		SolutionGuid = {5C19EA1D-4C12-4FCE-AC62-1584E934A8FF}
	EndGlobalSection
EndGlobal
