
Microsoft Visual Studio Solution File, Format Version 12.00
# Blend for Visual Studio Version 16
VisualStudioVersion = 16.0.28606.126
MinimumVisualStudioVersion = 10.0.40219.1
Project("{FAE04EC0-301F-11D3-BF4B-00C04F79EFBC}") = "ComboBoxDemo21", "ComboBoxDemo21\ComboBoxDemo21.csproj", "{2B5A90DB-B144-4ECB-925A-8E3BAFFF1B12}"
EndProject
Global
	GlobalSection(SolutionConfigurationPlatforms) = preSolution
		Debug|Any CPU = Debug|Any CPU
		Release|Any CPU = Release|Any CPU
	EndGlobalSection
	GlobalSection(ProjectConfigurationPlatforms) = postSolution
		{2B5A90DB-B144-4ECB-925A-8E3BAFFF1B12}.Debug|Any CPU.ActiveCfg = Debug|Any CPU
		{2B5A90DB-B144-4ECB-925A-8E3BAFFF1B12}.Debug|Any CPU.Build.0 = Debug|Any CPU
		{2B5A90DB-B144-4ECB-925A-8E3BAFFF1B12}.Release|Any CPU.ActiveCfg = Release|Any CPU
		{2B5A90DB-B144-4ECB-925A-8E3BAFFF1B12}.Release|Any CPU.Build.0 = Release|Any CPU
	EndGlobalSection
	GlobalSection(SolutionProperties) = preSolution
		HideSolutionNode = FALSE
	EndGlobalSection
	GlobalSection(ExtensibilityGlobals) = postSolution
		SolutionGuid = {8FF7D564-046E-4713-83B8-9C16381423E3}
	EndGlobalSection
EndGlobal
