
Microsoft Visual Studio Solution File, Format Version 12.00
# Blend for Visual Studio Version 16
VisualStudioVersion = 16.0.28606.126
MinimumVisualStudioVersion = 10.0.40219.1
Project("{FAE04EC0-301F-11D3-BF4B-00C04F79EFBC}") = "ListBoxDemo22", "ListBoxDemo22\ListBoxDemo22.csproj", "{13CC0056-EC0E-45E7-87E3-1B88DA9F76C7}"
EndProject
Global
	GlobalSection(SolutionConfigurationPlatforms) = preSolution
		Debug|Any CPU = Debug|Any CPU
		Release|Any CPU = Release|Any CPU
	EndGlobalSection
	GlobalSection(ProjectConfigurationPlatforms) = postSolution
		{13CC0056-EC0E-45E7-87E3-1B88DA9F76C7}.Debug|Any CPU.ActiveCfg = Debug|Any CPU
		{13CC0056-EC0E-45E7-87E3-1B88DA9F76C7}.Debug|Any CPU.Build.0 = Debug|Any CPU
		{13CC0056-EC0E-45E7-87E3-1B88DA9F76C7}.Release|Any CPU.ActiveCfg = Release|Any CPU
		{13CC0056-EC0E-45E7-87E3-1B88DA9F76C7}.Release|Any CPU.Build.0 = Release|Any CPU
	EndGlobalSection
	GlobalSection(SolutionProperties) = preSolution
		HideSolutionNode = FALSE
	EndGlobalSection
	GlobalSection(ExtensibilityGlobals) = postSolution
		SolutionGuid = {CC5F089E-928F-43DA-9DDC-8857074E7FCE}
	EndGlobalSection
EndGlobal
