
Microsoft Visual Studio Solution File, Format Version 12.00
# Blend for Visual Studio Version 16
VisualStudioVersion = 16.0.28711.60
MinimumVisualStudioVersion = 10.0.40219.1
Project("{FAE04EC0-301F-11D3-BF4B-00C04F79EFBC}") = "DataGridDemo34", "DataGridDemo34\DataGridDemo34.csproj", "{C01669C6-FB35-4646-907D-B307D8A9480E}"
EndProject
Global
	GlobalSection(SolutionConfigurationPlatforms) = preSolution
		Debug|Any CPU = Debug|Any CPU
		Release|Any CPU = Release|Any CPU
	EndGlobalSection
	GlobalSection(ProjectConfigurationPlatforms) = postSolution
		{C01669C6-FB35-4646-907D-B307D8A9480E}.Debug|Any CPU.ActiveCfg = Debug|Any CPU
		{C01669C6-FB35-4646-907D-B307D8A9480E}.Debug|Any CPU.Build.0 = Debug|Any CPU
		{C01669C6-FB35-4646-907D-B307D8A9480E}.Release|Any CPU.ActiveCfg = Release|Any CPU
		{C01669C6-FB35-4646-907D-B307D8A9480E}.Release|Any CPU.Build.0 = Release|Any CPU
	EndGlobalSection
	GlobalSection(SolutionProperties) = preSolution
		HideSolutionNode = FALSE
	EndGlobalSection
	GlobalSection(ExtensibilityGlobals) = postSolution
		SolutionGuid = {C7AD773C-825F-4C0B-A672-343E7AB3E76D}
	EndGlobalSection
EndGlobal
