
Microsoft Visual Studio Solution File, Format Version 12.00
# Blend for Visual Studio Version 16
VisualStudioVersion = 16.0.28606.126
MinimumVisualStudioVersion = 10.0.40219.1
Project("{FAE04EC0-301F-11D3-BF4B-00C04F79EFBC}") = "CalenderDemo27", "CalenderDemo27\CalenderDemo27.csproj", "{B7D273A7-4614-4E1F-BF9A-5C6F93966D67}"
EndProject
Global
	GlobalSection(SolutionConfigurationPlatforms) = preSolution
		Debug|Any CPU = Debug|Any CPU
		Release|Any CPU = Release|Any CPU
	EndGlobalSection
	GlobalSection(ProjectConfigurationPlatforms) = postSolution
		{B7D273A7-4614-4E1F-BF9A-5C6F93966D67}.Debug|Any CPU.ActiveCfg = Debug|Any CPU
		{B7D273A7-4614-4E1F-BF9A-5C6F93966D67}.Debug|Any CPU.Build.0 = Debug|Any CPU
		{B7D273A7-4614-4E1F-BF9A-5C6F93966D67}.Release|Any CPU.ActiveCfg = Release|Any CPU
		{B7D273A7-4614-4E1F-BF9A-5C6F93966D67}.Release|Any CPU.Build.0 = Release|Any CPU
	EndGlobalSection
	GlobalSection(SolutionProperties) = preSolution
		HideSolutionNode = FALSE
	EndGlobalSection
	GlobalSection(ExtensibilityGlobals) = postSolution
		SolutionGuid = {D1CA026B-AB35-49D0-AFD7-E5E022A25AC1}
	EndGlobalSection
EndGlobal
