
Microsoft Visual Studio Solution File, Format Version 12.00
# Blend for Visual Studio Version 16
VisualStudioVersion = 16.0.28705.295
MinimumVisualStudioVersion = 10.0.40219.1
Project("{FAE04EC0-301F-11D3-BF4B-00C04F79EFBC}") = "DataPanelDemo31", "DataPanelDemo31\DataPanelDemo31.csproj", "{67DF4506-D2E7-4E11-B97A-34D6A8A769B1}"
EndProject
Global
	GlobalSection(SolutionConfigurationPlatforms) = preSolution
		Debug|Any CPU = Debug|Any CPU
		Release|Any CPU = Release|Any CPU
	EndGlobalSection
	GlobalSection(ProjectConfigurationPlatforms) = postSolution
		{67DF4506-D2E7-4E11-B97A-34D6A8A769B1}.Debug|Any CPU.ActiveCfg = Debug|Any CPU
		{67DF4506-D2E7-4E11-B97A-34D6A8A769B1}.Debug|Any CPU.Build.0 = Debug|Any CPU
		{67DF4506-D2E7-4E11-B97A-34D6A8A769B1}.Release|Any CPU.ActiveCfg = Release|Any CPU
		{67DF4506-D2E7-4E11-B97A-34D6A8A769B1}.Release|Any CPU.Build.0 = Release|Any CPU
	EndGlobalSection
	GlobalSection(SolutionProperties) = preSolution
		HideSolutionNode = FALSE
	EndGlobalSection
	GlobalSection(ExtensibilityGlobals) = postSolution
		SolutionGuid = {43FEC486-378C-4F40-90C4-50F07B6E9423}
	EndGlobalSection
EndGlobal
