
Microsoft Visual Studio Solution File, Format Version 12.00
# Blend for Visual Studio Version 16
VisualStudioVersion = 16.0.28711.60
MinimumVisualStudioVersion = 10.0.40219.1
Project("{FAE04EC0-301F-11D3-BF4B-00C04F79EFBC}") = "FlowDocumentReaderDemo38", "FlowDocumentReaderDemo38\FlowDocumentReaderDemo38.csproj", "{DE350D8D-7910-4A58-B8A9-7BD947F56658}"
EndProject
Global
	GlobalSection(SolutionConfigurationPlatforms) = preSolution
		Debug|Any CPU = Debug|Any CPU
		Release|Any CPU = Release|Any CPU
	EndGlobalSection
	GlobalSection(ProjectConfigurationPlatforms) = postSolution
		{DE350D8D-7910-4A58-B8A9-7BD947F56658}.Debug|Any CPU.ActiveCfg = Debug|Any CPU
		{DE350D8D-7910-4A58-B8A9-7BD947F56658}.Debug|Any CPU.Build.0 = Debug|Any CPU
		{DE350D8D-7910-4A58-B8A9-7BD947F56658}.Release|Any CPU.ActiveCfg = Release|Any CPU
		{DE350D8D-7910-4A58-B8A9-7BD947F56658}.Release|Any CPU.Build.0 = Release|Any CPU
	EndGlobalSection
	GlobalSection(SolutionProperties) = preSolution
		HideSolutionNode = FALSE
	EndGlobalSection
	GlobalSection(ExtensibilityGlobals) = postSolution
		SolutionGuid = {4B6791A7-78B3-4DD4-A97C-9717247C0F0E}
	EndGlobalSection
EndGlobal
