
Microsoft Visual Studio Solution File, Format Version 12.00
# Blend for Visual Studio Version 16
VisualStudioVersion = 16.0.28711.60
MinimumVisualStudioVersion = 10.0.40219.1
Project("{FAE04EC0-301F-11D3-BF4B-00C04F79EFBC}") = "Viewport3DDemo37", "Viewport3DDemo37\Viewport3DDemo37.csproj", "{D4C9F3DD-0AF4-4B68-8890-CF0B8E4B95CB}"
EndProject
Global
	GlobalSection(SolutionConfigurationPlatforms) = preSolution
		Debug|Any CPU = Debug|Any CPU
		Release|Any CPU = Release|Any CPU
	EndGlobalSection
	GlobalSection(ProjectConfigurationPlatforms) = postSolution
		{D4C9F3DD-0AF4-4B68-8890-CF0B8E4B95CB}.Debug|Any CPU.ActiveCfg = Debug|Any CPU
		{D4C9F3DD-0AF4-4B68-8890-CF0B8E4B95CB}.Debug|Any CPU.Build.0 = Debug|Any CPU
		{D4C9F3DD-0AF4-4B68-8890-CF0B8E4B95CB}.Release|Any CPU.ActiveCfg = Release|Any CPU
		{D4C9F3DD-0AF4-4B68-8890-CF0B8E4B95CB}.Release|Any CPU.Build.0 = Release|Any CPU
	EndGlobalSection
	GlobalSection(SolutionProperties) = preSolution
		HideSolutionNode = FALSE
	EndGlobalSection
	GlobalSection(ExtensibilityGlobals) = postSolution
		SolutionGuid = {3DED3178-8FDF-4249-84C5-903718BD8300}
	EndGlobalSection
EndGlobal
