
Microsoft Visual Studio Solution File, Format Version 12.00
# Blend for Visual Studio Version 16
VisualStudioVersion = 16.0.28531.58
MinimumVisualStudioVersion = 10.0.40219.1
Project("{FAE04EC0-301F-11D3-BF4B-00C04F79EFBC}") = "AnimationDemo11", "AnimationDemo11\AnimationDemo11.csproj", "{1FD5EFD8-1D16-4E0E-85A0-DEC3B83E7260}"
EndProject
Global
	GlobalSection(SolutionConfigurationPlatforms) = preSolution
		Debug|Any CPU = Debug|Any CPU
		Release|Any CPU = Release|Any CPU
	EndGlobalSection
	GlobalSection(ProjectConfigurationPlatforms) = postSolution
		{1FD5EFD8-1D16-4E0E-85A0-DEC3B83E7260}.Debug|Any CPU.ActiveCfg = Debug|Any CPU
		{1FD5EFD8-1D16-4E0E-85A0-DEC3B83E7260}.Debug|Any CPU.Build.0 = Debug|Any CPU
		{1FD5EFD8-1D16-4E0E-85A0-DEC3B83E7260}.Release|Any CPU.ActiveCfg = Release|Any CPU
		{1FD5EFD8-1D16-4E0E-85A0-DEC3B83E7260}.Release|Any CPU.Build.0 = Release|Any CPU
	EndGlobalSection
	GlobalSection(SolutionProperties) = preSolution
		HideSolutionNode = FALSE
	EndGlobalSection
	GlobalSection(ExtensibilityGlobals) = postSolution
		SolutionGuid = {CEC5B4C5-FACF-42A2-AA36-6D5AAA79BB17}
	EndGlobalSection
EndGlobal
